
Microsoft Visual Studio Solution File, Format Version 12.00
# Visual Studio Version 17
VisualStudioVersion = 17.6.33723.286
MinimumVisualStudioVersion = 10.0.40219.1
Project("{8BC9CEB8-8B4A-11D0-8D11-00A0C91BC942}") = "Task50_Stack_Medium_MinimumRemoveToMakeValidParentheses", "Task50_Stack_Medium_MinimumRemoveToMakeValidParentheses\Task50_Stack_Medium_MinimumRemoveToMakeValidParentheses.vcxproj", "{EBC4C551-F773-4934-9415-C6DF7CDA902F}"
EndProject
Global
	GlobalSection(SolutionConfigurationPlatforms) = preSolution
		Debug|x64 = Debug|x64
		Debug|x86 = Debug|x86
		Release|x64 = Release|x64
		Release|x86 = Release|x86
	EndGlobalSection
	GlobalSection(ProjectConfigurationPlatforms) = postSolution
		{EBC4C551-F773-4934-9415-C6DF7CDA902F}.Debug|x64.ActiveCfg = Debug|x64
		{EBC4C551-F773-4934-9415-C6DF7CDA902F}.Debug|x64.Build.0 = Debug|x64
		{EBC4C551-F773-4934-9415-C6DF7CDA902F}.Debug|x86.ActiveCfg = Debug|Win32
		{EBC4C551-F773-4934-9415-C6DF7CDA902F}.Debug|x86.Build.0 = Debug|Win32
		{EBC4C551-F773-4934-9415-C6DF7CDA902F}.Release|x64.ActiveCfg = Release|x64
		{EBC4C551-F773-4934-9415-C6DF7CDA902F}.Release|x64.Build.0 = Release|x64
		{EBC4C551-F773-4934-9415-C6DF7CDA902F}.Release|x86.ActiveCfg = Release|Win32
		{EBC4C551-F773-4934-9415-C6DF7CDA902F}.Release|x86.Build.0 = Release|Win32
	EndGlobalSection
	GlobalSection(SolutionProperties) = preSolution
		HideSolutionNode = FALSE
	EndGlobalSection
	GlobalSection(ExtensibilityGlobals) = postSolution
		SolutionGuid = {0093246C-A04D-4D73-BEF8-C2255D603C9A}
	EndGlobalSection
EndGlobal
